
Microsoft Visual Studio Solution File, Format Version 12.00
# Visual Studio Version 17
VisualStudioVersion = 17.8.34316.72
MinimumVisualStudioVersion = 10.0.40219.1
Project("{FAE04EC0-301F-11D3-BF4B-00C04F79EFBC}") = "AssesMentAssignMent", "AssesMentAssignMent.csproj", "{16A36D48-80CF-4B93-8944-B03839997820}"
EndProject
Project("{FAE04EC0-301F-11D3-BF4B-00C04F79EFBC}") = "AssesMentQuestion", "..\AssesMentQuestion\AssesMentQuestion.csproj", "{A1369DB5-313C-46EE-A279-E5FB2B195156}"
EndProject
Global
	GlobalSection(SolutionConfigurationPlatforms) = preSolution
		Debug|Any CPU = Debug|Any CPU
		Release|Any CPU = Release|Any CPU
	EndGlobalSection
	GlobalSection(ProjectConfigurationPlatforms) = postSolution
		{16A36D48-80CF-4B93-8944-B03839997820}.Debug|Any CPU.ActiveCfg = Debug|Any CPU
		{16A36D48-80CF-4B93-8944-B03839997820}.Debug|Any CPU.Build.0 = Debug|Any CPU
		{16A36D48-80CF-4B93-8944-B03839997820}.Release|Any CPU.ActiveCfg = Release|Any CPU
		{16A36D48-80CF-4B93-8944-B03839997820}.Release|Any CPU.Build.0 = Release|Any CPU
		{A1369DB5-313C-46EE-A279-E5FB2B195156}.Debug|Any CPU.ActiveCfg = Debug|Any CPU
		{A1369DB5-313C-46EE-A279-E5FB2B195156}.Debug|Any CPU.Build.0 = Debug|Any CPU
		{A1369DB5-313C-46EE-A279-E5FB2B195156}.Release|Any CPU.ActiveCfg = Release|Any CPU
		{A1369DB5-313C-46EE-A279-E5FB2B195156}.Release|Any CPU.Build.0 = Release|Any CPU
	EndGlobalSection
	GlobalSection(SolutionProperties) = preSolution
		HideSolutionNode = FALSE
	EndGlobalSection
	GlobalSection(ExtensibilityGlobals) = postSolution
		SolutionGuid = {73848207-0B2E-455E-8748-08E961A15795}
	EndGlobalSection
EndGlobal
